
Microsoft Visual Studio Solution File, Format Version 12.00
# Visual Studio Version 17
VisualStudioVersion = 17.10.34916.146
MinimumVisualStudioVersion = 10.0.40219.1
Project("{888888A0-9F3D-457C-B088-3A5042F75D52}") = "testrun", "testrun.pyproj", "{EA034BB3-0B66-4B1A-9DD6-949F5B2AB98C}"
EndProject
Global
	GlobalSection(SolutionConfigurationPlatforms) = preSolution
		Debug|Any CPU = Debug|Any CPU
		Release|Any CPU = Release|Any CPU
	EndGlobalSection
	GlobalSection(ProjectConfigurationPlatforms) = postSolution
		{EA034BB3-0B66-4B1A-9DD6-949F5B2AB98C}.Debug|Any CPU.ActiveCfg = Debug|Any CPU
		{EA034BB3-0B66-4B1A-9DD6-949F5B2AB98C}.Release|Any CPU.ActiveCfg = Release|Any CPU
	EndGlobalSection
	GlobalSection(SolutionProperties) = preSolution
		HideSolutionNode = FALSE
	EndGlobalSection
	GlobalSection(ExtensibilityGlobals) = postSolution
		SolutionGuid = {5E4109E0-FF1B-4F1D-B99B-4841FEEFD017}
	EndGlobalSection
EndGlobal
